// !$*UTF8*$!
{
	archiveVersion = 1;
	classes = {
	};
	objectVersion = 46;
	objects = {

/* Begin PBXBuildFile section */
		D9DBE4B01A26606200918236 /* main.m in Sources */ = {isa = PBXBuildFile; fileRef = D9DBE4AF1A26606200918236 /* main.m */; };
		D9DBE4B31A26606200918236 /* AppDelegate.m in Sources */ = {isa = PBXBuildFile; fileRef = D9DBE4B21A26606200918236 /* AppDelegate.m */; };
		D9DBE4B61A26606200918236 /* FirstViewController.m in Sources */ = {isa = PBXBuildFile; fileRef = D9DBE4B51A26606200918236 /* FirstViewController.m */; };
		D9DBE4B91A26606200918236 /* SecondViewController.m in Sources */ = {isa = PBXBuildFile; fileRef = D9DBE4B81A26606200918236 /* SecondViewController.m */; };
		D9DBE4BC1A26606200918236 /* Main.storyboard in Resources */ = {isa = PBXBuildFile; fileRef = D9DBE4BA1A26606200918236 /* Main.storyboard */; };
		D9DBE4BE1A26606200918236 /* Images.xcassets in Resources */ = {isa = PBXBuildFile; fileRef = D9DBE4BD1A26606200918236 /* Images.xcassets */; };
		D9DBE4C11A26606200918236 /* LaunchScreen.xib in Resources */ = {isa = PBXBuildFile; fileRef = D9DBE4BF1A26606200918236 /* LaunchScreen.xib */; };
		D9DBE4CD1A26606200918236 /* HealthKitWorkoutsExampleTests.m in Sources */ = {isa = PBXBuildFile; fileRef = D9DBE4CC1A26606200918236 /* HealthKitWorkoutsExampleTests.m */; };
/* End PBXBuildFile section */

/* Begin PBXContainerItemProxy section */
		D9DBE4C71A26606200918236 /* PBXContainerItemProxy */ = {
			isa = PBXContainerItemProxy;
			containerPortal = D9DBE4A21A26606200918236 /* Project object */;
			proxyType = 1;
			remoteGlobalIDString = D9DBE4A91A26606200918236;
			remoteInfo = HealthKitWorkoutsExample;
		};
/* End PBXContainerItemProxy section */

/* Begin PBXFileReference section */
		D9DBE4AA1A26606200918236 /* HealthKitWorkoutsExample.app */ = {isa = PBXFileReference; explicitFileType = wrapper.application; includeInIndex = 0; path = HealthKitWorkoutsExample.app; sourceTree = BUILT_PRODUCTS_DIR; };
		D9DBE4AE1A26606200918236 /* Info.plist */ = {isa = PBXFileReference; lastKnownFileType = text.plist.xml; path = Info.plist; sourceTree = "<group>"; };
		D9DBE4AF1A26606200918236 /* main.m */ = {isa = PBXFileReference; lastKnownFileType = sourcecode.c.objc; path = main.m; sourceTree = "<group>"; };
		D9DBE4B11A26606200918236 /* AppDelegate.h */ = {isa = PBXFileReference; lastKnownFileType = sourcecode.c.h; path = AppDelegate.h; sourceTree = "<group>"; };
		D9DBE4B21A26606200918236 /* AppDelegate.m */ = {isa = PBXFileReference; lastKnownFileType = sourcecode.c.objc; path = AppDelegate.m; sourceTree = "<group>"; };
		D9DBE4B41A26606200918236 /* FirstViewController.h */ = {isa = PBXFileReference; lastKnownFileType = sourcecode.c.h; path = FirstViewController.h; sourceTree = "<group>"; };
		D9DBE4B51A26606200918236 /* FirstViewController.m */ = {isa = PBXFileReference; lastKnownFileType = sourcecode.c.objc; path = FirstViewController.m; sourceTree = "<group>"; };
		D9DBE4B71A26606200918236 /* SecondViewController.h */ = {isa = PBXFileReference; lastKnownFileType = sourcecode.c.h; path = SecondViewController.h; sourceTree = "<group>"; };
		D9DBE4B81A26606200918236 /* SecondViewController.m */ = {isa = PBXFileReference; lastKnownFileType = sourcecode.c.objc; path = SecondViewController.m; sourceTree = "<group>"; };
		D9DBE4BB1A26606200918236 /* Base */ = {isa = PBXFileReference; lastKnownFileType = file.storyboard; name = Base; path = Base.lproj/Main.storyboard; sourceTree = "<group>"; };
		D9DBE4BD1A26606200918236 /* Images.xcassets */ = {isa = PBXFileReference; lastKnownFileType = folder.assetcatalog; path = Images.xcassets; sourceTree = "<group>"; };
		D9DBE4C01A26606200918236 /* Base */ = {isa = PBXFileReference; lastKnownFileType = file.xib; name = Base; path = Base.lproj/LaunchScreen.xib; sourceTree = "<group>"; };
		D9DBE4C61A26606200918236 /* HealthKitWorkoutsExampleTests.xctest */ = {isa = PBXFileReference; explicitFileType = wrapper.cfbundle; includeInIndex = 0; path = HealthKitWorkoutsExampleTests.xctest; sourceTree = BUILT_PRODUCTS_DIR; };
		D9DBE4CB1A26606200918236 /* Info.plist */ = {isa = PBXFileReference; lastKnownFileType = text.plist.xml; path = Info.plist; sourceTree = "<group>"; };
		D9DBE4CC1A26606200918236 /* HealthKitWorkoutsExampleTests.m */ = {isa = PBXFileReference; lastKnownFileType = sourcecode.c.objc; path = HealthKitWorkoutsExampleTests.m; sourceTree = "<group>"; };
/* End PBXFileReference section */

/* Begin PBXFrameworksBuildPhase section */
		D9DBE4A71A26606200918236 /* Frameworks */ = {
			isa = PBXFrameworksBuildPhase;
			buildActionMask = 2147483647;
			files = (
			);
			runOnlyForDeploymentPostprocessing = 0;
		};
		D9DBE4C31A26606200918236 /* Frameworks */ = {
			isa = PBXFrameworksBuildPhase;
			buildActionMask = 2147483647;
			files = (
			);
			runOnlyForDeploymentPostprocessing = 0;
		};
/* End PBXFrameworksBuildPhase section */

/* Begin PBXGroup section */
		D9DBE4A11A26606200918236 = {
			isa = PBXGroup;
			children = (
				D9DBE4AC1A26606200918236 /* HealthKitWorkoutsExample */,
				D9DBE4C91A26606200918236 /* HealthKitWorkoutsExampleTests */,
				D9DBE4AB1A26606200918236 /* Products */,
			);
			sourceTree = "<group>";
		};
		D9DBE4AB1A26606200918236 /* Products */ = {
			isa = PBXGroup;
			children = (
				D9DBE4AA1A26606200918236 /* HealthKitWorkoutsExample.app */,
				D9DBE4C61A26606200918236 /* HealthKitWorkoutsExampleTests.xctest */,
			);
			name = Products;
			sourceTree = "<group>";
		};
		D9DBE4AC1A26606200918236 /* HealthKitWorkoutsExample */ = {
			isa = PBXGroup;
			children = (
				D9DBE4B11A26606200918236 /* AppDelegate.h */,
				D9DBE4B21A26606200918236 /* AppDelegate.m */,
				D9DBE4B41A26606200918236 /* FirstViewController.h */,
				D9DBE4B51A26606200918236 /* FirstViewController.m */,
				D9DBE4B71A26606200918236 /* SecondViewController.h */,
				D9DBE4B81A26606200918236 /* SecondViewController.m */,
				D9DBE4BA1A26606200918236 /* Main.storyboard */,
				D9DBE4BD1A26606200918236 /* Images.xcassets */,
				D9DBE4BF1A26606200918236 /* LaunchScreen.xib */,
				D9DBE4AD1A26606200918236 /* Supporting Files */,
			);
			path = HealthKitWorkoutsExample;
			sourceTree = "<group>";
		};
		D9DBE4AD1A26606200918236 /* Supporting Files */ = {
			isa = PBXGroup;
			children = (
				D9DBE4AE1A26606200918236 /* Info.plist */,
				D9DBE4AF1A26606200918236 /* main.m */,
			);
			name = "Supporting Files";
			sourceTree = "<group>";
		};
		D9DBE4C91A26606200918236 /* HealthKitWorkoutsExampleTests */ = {
			isa = PBXGroup;
			children = (
				D9DBE4CC1A26606200918236 /* HealthKitWorkoutsExampleTests.m */,
				D9DBE4CA1A26606200918236 /* Supporting Files */,
			);
			path = HealthKitWorkoutsExampleTests;
			sourceTree = "<group>";
		};
		D9DBE4CA1A26606200918236 /* Supporting Files */ = {
			isa = PBXGroup;
			children = (
				D9DBE4CB1A26606200918236 /* Info.plist */,
			);
			name = "Supporting Files";
			sourceTree = "<group>";
		};
/* End PBXGroup section */

/* Begin PBXNativeTarget section */
		D9DBE4A91A26606200918236 /* HealthKitWorkoutsExample */ = {
			isa = PBXNativeTarget;
			buildConfigurationList = D9DBE4D01A26606200918236 /* Build configuration list for PBXNativeTarget "HealthKitWorkoutsExample" */;
			buildPhases = (
				D9DBE4A61A26606200918236 /* Sources */,
				D9DBE4A71A26606200918236 /* Frameworks */,
				D9DBE4A81A26606200918236 /* Resources */,
			);
			buildRules = (
			);
			dependencies = (
			);
			name = HealthKitWorkoutsExample;
			productName = HealthKitWorkoutsExample;
			productReference = D9DBE4AA1A26606200918236 /* HealthKitWorkoutsExample.app */;
			productType = "com.apple.product-type.application";
		};
		D9DBE4C51A26606200918236 /* HealthKitWorkoutsExampleTests */ = {
			isa = PBXNativeTarget;
			buildConfigurationList = D9DBE4D31A26606200918236 /* Build configuration list for PBXNativeTarget "HealthKitWorkoutsExampleTests" */;
			buildPhases = (
				D9DBE4C21A26606200918236 /* Sources */,
				D9DBE4C31A26606200918236 /* Frameworks */,
				D9DBE4C41A26606200918236 /* Resources */,
			);
			buildRules = (
			);
			dependencies = (
				D9DBE4C81A26606200918236 /* PBXTargetDependency */,
			);
			name = HealthKitWorkoutsExampleTests;
			productName = HealthKitWorkoutsExampleTests;
			productReference = D9DBE4C61A26606200918236 /* HealthKitWorkoutsExampleTests.xctest */;
			productType = "com.apple.product-type.bundle.unit-test";
		};
/* End PBXNativeTarget section */

/* Begin PBXProject section */
		D9DBE4A21A26606200918236 /* Project object */ = {
			isa = PBXProject;
			attributes = {
				LastUpgradeCheck = 0610;
				ORGANIZATIONNAME = "Phillipe Casorla";
				TargetAttributes = {
					D9DBE4A91A26606200918236 = {
						CreatedOnToolsVersion = 6.1;
					};
					D9DBE4C51A26606200918236 = {
						CreatedOnToolsVersion = 6.1;
						TestTargetID = D9DBE4A91A26606200918236;
					};
				};
			};
			buildConfigurationList = D9DBE4A51A26606200918236 /* Build configuration list for PBXProject "HealthKitWorkoutsExample" */;
			compatibilityVersion = "Xcode 3.2";
			developmentRegion = English;
			hasScannedForEncodings = 0;
			knownRegions = (
				en,
				Base,
			);
			mainGroup = D9DBE4A11A26606200918236;
			productRefGroup = D9DBE4AB1A26606200918236 /* Products */;
			projectDirPath = "";
			projectRoot = "";
			targets = (
				D9DBE4A91A26606200918236 /* HealthKitWorkoutsExample */,
				D9DBE4C51A26606200918236 /* HealthKitWorkoutsExampleTests */,
			);
		};
/* End PBXProject section */

/* Begin PBXResourcesBuildPhase section */
		D9DBE4A81A26606200918236 /* Resources */ = {
			isa = PBXResourcesBuildPhase;
			buildActionMask = 2147483647;
			files = (
				D9DBE4BC1A26606200918236 /* Main.storyboard in Resources */,
				D9DBE4C11A26606200918236 /* LaunchScreen.xib in Resources */,
				D9DBE4BE1A26606200918236 /* Images.xcassets in Resources */,
			);
			runOnlyForDeploymentPostprocessing = 0;
		};
		D9DBE4C41A26606200918236 /* Resources */ = {
			isa = PBXResourcesBuildPhase;
			buildActionMask = 2147483647;
			files = (
			);
			runOnlyForDeploymentPostprocessing = 0;
		};
/* End PBXResourcesBuildPhase section */

/* Begin PBXSourcesBuildPhase section */
		D9DBE4A61A26606200918236 /* Sources */ = {
			isa = PBXSourcesBuildPhase;
			buildActionMask = 2147483647;
			files = (
				D9DBE4B91A26606200918236 /* SecondViewController.m in Sources */,
				D9DBE4B31A26606200918236 /* AppDelegate.m in Sources */,
				D9DBE4B61A26606200918236 /* FirstViewController.m in Sources */,
				D9DBE4B01A26606200918236 /* main.m in Sources */,
			);
			runOnlyForDeploymentPostprocessing = 0;
		};
		D9DBE4C21A26606200918236 /* Sources */ = {
			isa = PBXSourcesBuildPhase;
			buildActionMask = 2147483647;
			files = (
				D9DBE4CD1A26606200918236 /* HealthKitWorkoutsExampleTests.m in Sources */,
			);
			runOnlyForDeploymentPostprocessing = 0;
		};
/* End PBXSourcesBuildPhase section */

/* Begin PBXTargetDependency section */
		D9DBE4C81A26606200918236 /* PBXTargetDependency */ = {
			isa = PBXTargetDependency;
			target = D9DBE4A91A26606200918236 /* HealthKitWorkoutsExample */;
			targetProxy = D9DBE4C71A26606200918236 /* PBXContainerItemProxy */;
		};
/* End PBXTargetDependency section */

/* Begin PBXVariantGroup section */
		D9DBE4BA1A26606200918236 /* Main.storyboard */ = {
			isa = PBXVariantGroup;
			children = (
				D9DBE4BB1A26606200918236 /* Base */,
			);
			name = Main.storyboard;
			sourceTree = "<group>";
		};
		D9DBE4BF1A26606200918236 /* LaunchScreen.xib */ = {
			isa = PBXVariantGroup;
			children = (
				D9DBE4C01A26606200918236 /* Base */,
			);
			name = LaunchScreen.xib;
			sourceTree = "<group>";
		};
/* End PBXVariantGroup section */

/* Begin XCBuildConfiguration section */
		D9DBE4CE1A26606200918236 /* Debug */ = {
			isa = XCBuildConfiguration;
			buildSettings = {
				ALWAYS_SEARCH_USER_PATHS = NO;
				CLANG_CXX_LANGUAGE_STANDARD = "gnu++0x";
				CLANG_CXX_LIBRARY = "libc++";
				CLANG_ENABLE_MODULES = YES;
				CLANG_ENABLE_OBJC_ARC = YES;
				CLANG_WARN_BOOL_CONVERSION = YES;
				CLANG_WARN_CONSTANT_CONVERSION = YES;
				CLANG_WARN_DIRECT_OBJC_ISA_USAGE = YES_ERROR;
				CLANG_WARN_EMPTY_BODY = YES;
				CLANG_WARN_ENUM_CONVERSION = YES;
				CLANG_WARN_INT_CONVERSION = YES;
				CLANG_WARN_OBJC_ROOT_CLASS = YES_ERROR;
				CLANG_WARN_UNREACHABLE_CODE = YES;
				CLANG_WARN__DUPLICATE_METHOD_MATCH = YES;
				"CODE_SIGN_IDENTITY[sdk=iphoneos*]" = "iPhone Developer";
				COPY_PHASE_STRIP = NO;
				ENABLE_STRICT_OBJC_MSGSEND = YES;
				GCC_C_LANGUAGE_STANDARD = gnu99;
				GCC_DYNAMIC_NO_PIC = NO;
				GCC_OPTIMIZATION_LEVEL = 0;
				GCC_PREPROCESSOR_DEFINITIONS = (
					"DEBUG=1",
					"$(inherited)",
				);
				GCC_SYMBOLS_PRIVATE_EXTERN = NO;
				GCC_WARN_64_TO_32_BIT_CONVERSION = YES;
				GCC_WARN_ABOUT_RETURN_TYPE = YES_ERROR;
				GCC_WARN_UNDECLARED_SELECTOR = YES;
				GCC_WARN_UNINITIALIZED_AUTOS = YES_AGGRESSIVE;
				GCC_WARN_UNUSED_FUNCTION = YES;
				GCC_WARN_UNUSED_VARIABLE = YES;
				IPHONEOS_DEPLOYMENT_TARGET = 8.1;
				MTL_ENABLE_DEBUG_INFO = YES;
				ONLY_ACTIVE_ARCH = YES;
				SDKROOT = iphoneos;
			};
			name = Debug;
		};
		D9DBE4CF1A26606200918236 /* Release */ = {
			isa = XCBuildConfiguration;
			buildSettings = {
				ALWAYS_SEARCH_USER_PATHS = NO;
				CLANG_CXX_LANGUAGE_STANDARD = "gnu++0x";
				CLANG_CXX_LIBRARY = "libc++";
				CLANG_ENABLE_MODULES = YES;
				CLANG_ENABLE_OBJC_ARC = YES;
				CLANG_WARN_BOOL_CONVERSION = YES;
				CLANG_WARN_CONSTANT_CONVERSION = YES;
				CLANG_WARN_DIRECT_OBJC_ISA_USAGE = YES_ERROR;
				CLANG_WARN_EMPTY_BODY = YES;
				CLANG_WARN_ENUM_CONVERSION = YES;
				CLANG_WARN_INT_CONVERSION = YES;
				CLANG_WARN_OBJC_ROOT_CLASS = YES_ERROR;
				CLANG_WARN_UNREACHABLE_CODE = YES;
				CLANG_WARN__DUPLICATE_METHOD_MATCH = YES;
				"CODE_SIGN_IDENTITY[sdk=iphoneos*]" = "iPhone Developer";
				COPY_PHASE_STRIP = YES;
				ENABLE_NS_ASSERTIONS = NO;
				ENABLE_STRICT_OBJC_MSGSEND = YES;
				GCC_C_LANGUAGE_STANDARD = gnu99;
				GCC_WARN_64_TO_32_BIT_CONVERSION = YES;
				GCC_WARN_ABOUT_RETURN_TYPE = YES_ERROR;
				GCC_WARN_UNDECLARED_SELECTOR = YES;
				GCC_WARN_UNINITIALIZED_AUTOS = YES_AGGRESSIVE;
				GCC_WARN_UNUSED_FUNCTION = YES;
				GCC_WARN_UNUSED_VARIABLE = YES;
				IPHONEOS_DEPLOYMENT_TARGET = 8.1;
				MTL_ENABLE_DEBUG_INFO = NO;
				SDKROOT = iphoneos;
				VALIDATE_PRODUCT = YES;
			};
			name = Release;
		};
		D9DBE4D11A26606200918236 /* Debug */ = {
			isa = XCBuildConfiguration;
			buildSettings = {
				ASSETCATALOG_COMPILER_APPICON_NAME = AppIcon;
				INFOPLIST_FILE = HealthKitWorkoutsExample/Info.plist;
				LD_RUNPATH_SEARCH_PATHS = "$(inherited) @executable_path/Frameworks";
				PRODUCT_NAME = "$(TARGET_NAME)";
			};
			name = Debug;
		};
		D9DBE4D21A26606200918236 /* Release */ = {
			isa = XCBuildConfiguration;
			buildSettings = {
				ASSETCATALOG_COMPILER_APPICON_NAME = AppIcon;
				INFOPLIST_FILE = HealthKitWorkoutsExample/Info.plist;
				LD_RUNPATH_SEARCH_PATHS = "$(inherited) @executable_path/Frameworks";
				PRODUCT_NAME = "$(TARGET_NAME)";
			};
			name = Release;
		};
		D9DBE4D41A26606200918236 /* Debug */ = {
			isa = XCBuildConfiguration;
			buildSettings = {
				BUNDLE_LOADER = "$(TEST_HOST)";
				FRAMEWORK_SEARCH_PATHS = (
					"$(SDKROOT)/Developer/Library/Frameworks",
					"$(inherited)",
				);
				GCC_PREPROCESSOR_DEFINITIONS = (
					"DEBUG=1",
					"$(inherited)",
				);
				INFOPLIST_FILE = HealthKitWorkoutsExampleTests/Info.plist;
				LD_RUNPATH_SEARCH_PATHS = "$(inherited) @executable_path/Frameworks @loader_path/Frameworks";
				PRODUCT_NAME = "$(TARGET_NAME)";
				TEST_HOST = "$(BUILT_PRODUCTS_DIR)/HealthKitWorkoutsExample.app/HealthKitWorkoutsExample";
			};
			name = Debug;
		};
		D9DBE4D51A26606200918236 /* Release */ = {
			isa = XCBuildConfiguration;
			buildSettings = {
				BUNDLE_LOADER = "$(TEST_HOST)";
				FRAMEWORK_SEARCH_PATHS = (
					"$(SDKROOT)/Developer/Library/Frameworks",
					"$(inherited)",
				);
				INFOPLIST_FILE = HealthKitWorkoutsExampleTests/Info.plist;
				LD_RUNPATH_SEARCH_PATHS = "$(inherited) @executable_path/Frameworks @loader_path/Frameworks";
				PRODUCT_NAME = "$(TARGET_NAME)";
				TEST_HOST = "$(BUILT_PRODUCTS_DIR)/HealthKitWorkoutsExample.app/HealthKitWorkoutsExample";
			};
			name = Release;
		};
/* End XCBuildConfiguration section */

/* Begin XCConfigurationList section */
		D9DBE4A51A26606200918236 /* Build configuration list for PBXProject "HealthKitWorkoutsExample" */ = {
			isa = XCConfigurationList;
			buildConfigurations = (
				D9DBE4CE1A26606200918236 /* Debug */,
				D9DBE4CF1A26606200918236 /* Release */,
			);
			defaultConfigurationIsVisible = 0;
			defaultConfigurationName = Release;
		};
		D9DBE4D01A26606200918236 /* Build configuration list for PBXNativeTarget "HealthKitWorkoutsExample" */ = {
			isa = XCConfigurationList;
			buildConfigurations = (
				D9DBE4D11A26606200918236 /* Debug */,
				D9DBE4D21A26606200918236 /* Release */,
			);
			defaultConfigurationIsVisible = 0;
		};
		D9DBE4D31A26606200918236 /* Build configuration list for PBXNativeTarget "HealthKitWorkoutsExampleTests" */ = {
			isa = XCConfigurationList;
			buildConfigurations = (
				D9DBE4D41A26606200918236 /* Debug */,
				D9DBE4D51A26606200918236 /* Release */,
			);
			defaultConfigurationIsVisible = 0;
		};
/* End XCConfigurationList section */
	};
	rootObject = D9DBE4A21A26606200918236 /* Project object */;
}
